
Microsoft Visual Studio Solution File, Format Version 12.00
# Visual Studio Version 16
VisualStudioVersion = 16.0.28315.86
MinimumVisualStudioVersion = 10.0.40219.1
Project("{2150E333-8FDC-42A3-9474-1A3956D46DE8}") = "Engine", "Engine", "{63571DD7-7E4C-441E-9F49-6477FF127495}"
EndProject
Project("{2150E333-8FDC-42A3-9474-1A3956D46DE8}") = "Enterprise", "Enterprise", "{FC5600BE-8B81-4571-A3D4-3E57816786CC}"
EndProject
Project("{2150E333-8FDC-42A3-9474-1A3956D46DE8}") = "Games", "Games", "{9142BEAE-7D3F-4BB6-8422-BC4AEC8B579E}"
EndProject
Project("{8BC9CEB8-8B4A-11D0-8D11-00A0C91BC942}") = "UE4", "Intermediate\ProjectFiles\UE4.vcxproj", "{A17AC9F8-1713-4672-A6AD-3E77EB6EB539}"
EndProject
Project("{8BC9CEB8-8B4A-11D0-8D11-00A0C91BC942}") = "Studio", "Intermediate\ProjectFiles\Studio.vcxproj", "{D89F216D-BED7-4570-A72A-91C86F86108C}"
EndProject
Project("{8BC9CEB8-8B4A-11D0-8D11-00A0C91BC942}") = "FinalFantasyFishGame", "Intermediate\ProjectFiles\FinalFantasyFishGame.vcxproj", "{1D36514B-C654-4282-91A6-17E2096FA508}"
EndProject
Project("{2150E333-8FDC-42A3-9474-1A3956D46DE8}") = "Visualizers", "Visualizers", "{D621E8CD-5C82-4A1F-B2F9-112812F33771}"
	ProjectSection(SolutionItems) = preProject
		D:\Epic Games\UE_4.22\Engine\Extras\VisualStudioDebugging\UE4.natvis = D:\Epic Games\UE_4.22\Engine\Extras\VisualStudioDebugging\UE4.natvis
	EndProjectSection
EndProject
Global
	GlobalSection(SolutionConfigurationPlatforms) = preSolution
		DebugGame Editor|HTML5 = DebugGame Editor|HTML5
		DebugGame Editor|Win32 = DebugGame Editor|Win32
		DebugGame Editor|Win64 = DebugGame Editor|Win64
		DebugGame|HTML5 = DebugGame|HTML5
		DebugGame|Win32 = DebugGame|Win32
		DebugGame|Win64 = DebugGame|Win64
		Development Editor|HTML5 = Development Editor|HTML5
		Development Editor|Win32 = Development Editor|Win32
		Development Editor|Win64 = Development Editor|Win64
		Development|HTML5 = Development|HTML5
		Development|Win32 = Development|Win32
		Development|Win64 = Development|Win64
		Shipping|HTML5 = Shipping|HTML5
		Shipping|Win32 = Shipping|Win32
		Shipping|Win64 = Shipping|Win64
	EndGlobalSection
	GlobalSection(ProjectConfigurationPlatforms) = postSolution
		{A17AC9F8-1713-4672-A6AD-3E77EB6EB539}.DebugGame Editor|HTML5.ActiveCfg = BuiltWithUnrealBuildTool|Win32
		{A17AC9F8-1713-4672-A6AD-3E77EB6EB539}.DebugGame Editor|Win32.ActiveCfg = BuiltWithUnrealBuildTool|Win32
		{A17AC9F8-1713-4672-A6AD-3E77EB6EB539}.DebugGame Editor|Win64.ActiveCfg = BuiltWithUnrealBuildTool|Win32
		{A17AC9F8-1713-4672-A6AD-3E77EB6EB539}.DebugGame|HTML5.ActiveCfg = BuiltWithUnrealBuildTool|Win32
		{A17AC9F8-1713-4672-A6AD-3E77EB6EB539}.DebugGame|Win32.ActiveCfg = BuiltWithUnrealBuildTool|Win32
		{A17AC9F8-1713-4672-A6AD-3E77EB6EB539}.DebugGame|Win64.ActiveCfg = BuiltWithUnrealBuildTool|Win32
		{A17AC9F8-1713-4672-A6AD-3E77EB6EB539}.Development Editor|HTML5.ActiveCfg = BuiltWithUnrealBuildTool|Win32
		{A17AC9F8-1713-4672-A6AD-3E77EB6EB539}.Development Editor|Win32.ActiveCfg = BuiltWithUnrealBuildTool|Win32
		{A17AC9F8-1713-4672-A6AD-3E77EB6EB539}.Development Editor|Win64.ActiveCfg = BuiltWithUnrealBuildTool|Win32
		{A17AC9F8-1713-4672-A6AD-3E77EB6EB539}.Development|HTML5.ActiveCfg = BuiltWithUnrealBuildTool|Win32
		{A17AC9F8-1713-4672-A6AD-3E77EB6EB539}.Development|Win32.ActiveCfg = BuiltWithUnrealBuildTool|Win32
		{A17AC9F8-1713-4672-A6AD-3E77EB6EB539}.Development|Win64.ActiveCfg = BuiltWithUnrealBuildTool|Win32
		{A17AC9F8-1713-4672-A6AD-3E77EB6EB539}.Shipping|HTML5.ActiveCfg = BuiltWithUnrealBuildTool|Win32
		{A17AC9F8-1713-4672-A6AD-3E77EB6EB539}.Shipping|Win32.ActiveCfg = BuiltWithUnrealBuildTool|Win32
		{A17AC9F8-1713-4672-A6AD-3E77EB6EB539}.Shipping|Win64.ActiveCfg = BuiltWithUnrealBuildTool|Win32
		{D89F216D-BED7-4570-A72A-91C86F86108C}.DebugGame Editor|HTML5.ActiveCfg = BuiltWithUnrealBuildTool|Win32
		{D89F216D-BED7-4570-A72A-91C86F86108C}.DebugGame Editor|Win32.ActiveCfg = BuiltWithUnrealBuildTool|Win32
		{D89F216D-BED7-4570-A72A-91C86F86108C}.DebugGame Editor|Win64.ActiveCfg = BuiltWithUnrealBuildTool|Win32
		{D89F216D-BED7-4570-A72A-91C86F86108C}.DebugGame|HTML5.ActiveCfg = BuiltWithUnrealBuildTool|Win32
		{D89F216D-BED7-4570-A72A-91C86F86108C}.DebugGame|Win32.ActiveCfg = BuiltWithUnrealBuildTool|Win32
		{D89F216D-BED7-4570-A72A-91C86F86108C}.DebugGame|Win64.ActiveCfg = BuiltWithUnrealBuildTool|Win32
		{D89F216D-BED7-4570-A72A-91C86F86108C}.Development Editor|HTML5.ActiveCfg = BuiltWithUnrealBuildTool|Win32
		{D89F216D-BED7-4570-A72A-91C86F86108C}.Development Editor|Win32.ActiveCfg = BuiltWithUnrealBuildTool|Win32
		{D89F216D-BED7-4570-A72A-91C86F86108C}.Development Editor|Win64.ActiveCfg = BuiltWithUnrealBuildTool|Win32
		{D89F216D-BED7-4570-A72A-91C86F86108C}.Development|HTML5.ActiveCfg = BuiltWithUnrealBuildTool|Win32
		{D89F216D-BED7-4570-A72A-91C86F86108C}.Development|Win32.ActiveCfg = BuiltWithUnrealBuildTool|Win32
		{D89F216D-BED7-4570-A72A-91C86F86108C}.Development|Win64.ActiveCfg = BuiltWithUnrealBuildTool|Win32
		{D89F216D-BED7-4570-A72A-91C86F86108C}.Shipping|HTML5.ActiveCfg = BuiltWithUnrealBuildTool|Win32
		{D89F216D-BED7-4570-A72A-91C86F86108C}.Shipping|Win32.ActiveCfg = BuiltWithUnrealBuildTool|Win32
		{D89F216D-BED7-4570-A72A-91C86F86108C}.Shipping|Win64.ActiveCfg = BuiltWithUnrealBuildTool|Win32
		{1D36514B-C654-4282-91A6-17E2096FA508}.DebugGame Editor|HTML5.ActiveCfg = Invalid|Win32
		{1D36514B-C654-4282-91A6-17E2096FA508}.DebugGame Editor|Win32.ActiveCfg = Invalid|Win32
		{1D36514B-C654-4282-91A6-17E2096FA508}.DebugGame Editor|Win64.ActiveCfg = DebugGame_Editor|x64
		{1D36514B-C654-4282-91A6-17E2096FA508}.DebugGame Editor|Win64.Build.0 = DebugGame_Editor|x64
		{1D36514B-C654-4282-91A6-17E2096FA508}.DebugGame|HTML5.ActiveCfg = HTML5_DebugGame|Win32
		{1D36514B-C654-4282-91A6-17E2096FA508}.DebugGame|HTML5.Build.0 = HTML5_DebugGame|Win32
		{1D36514B-C654-4282-91A6-17E2096FA508}.DebugGame|Win32.ActiveCfg = DebugGame|Win32
		{1D36514B-C654-4282-91A6-17E2096FA508}.DebugGame|Win32.Build.0 = DebugGame|Win32
		{1D36514B-C654-4282-91A6-17E2096FA508}.DebugGame|Win64.ActiveCfg = DebugGame|x64
		{1D36514B-C654-4282-91A6-17E2096FA508}.DebugGame|Win64.Build.0 = DebugGame|x64
		{1D36514B-C654-4282-91A6-17E2096FA508}.Development Editor|HTML5.ActiveCfg = Invalid|Win32
		{1D36514B-C654-4282-91A6-17E2096FA508}.Development Editor|Win32.ActiveCfg = Invalid|Win32
		{1D36514B-C654-4282-91A6-17E2096FA508}.Development Editor|Win64.ActiveCfg = Development_Editor|x64
		{1D36514B-C654-4282-91A6-17E2096FA508}.Development Editor|Win64.Build.0 = Development_Editor|x64
		{1D36514B-C654-4282-91A6-17E2096FA508}.Development|HTML5.ActiveCfg = HTML5_Development|Win32
		{1D36514B-C654-4282-91A6-17E2096FA508}.Development|HTML5.Build.0 = HTML5_Development|Win32
		{1D36514B-C654-4282-91A6-17E2096FA508}.Development|Win32.ActiveCfg = Development|Win32
		{1D36514B-C654-4282-91A6-17E2096FA508}.Development|Win32.Build.0 = Development|Win32
		{1D36514B-C654-4282-91A6-17E2096FA508}.Development|Win64.ActiveCfg = Development|x64
		{1D36514B-C654-4282-91A6-17E2096FA508}.Development|Win64.Build.0 = Development|x64
		{1D36514B-C654-4282-91A6-17E2096FA508}.Shipping|HTML5.ActiveCfg = HTML5_Shipping|Win32
		{1D36514B-C654-4282-91A6-17E2096FA508}.Shipping|HTML5.Build.0 = HTML5_Shipping|Win32
		{1D36514B-C654-4282-91A6-17E2096FA508}.Shipping|Win32.ActiveCfg = Shipping|Win32
		{1D36514B-C654-4282-91A6-17E2096FA508}.Shipping|Win32.Build.0 = Shipping|Win32
		{1D36514B-C654-4282-91A6-17E2096FA508}.Shipping|Win64.ActiveCfg = Shipping|x64
		{1D36514B-C654-4282-91A6-17E2096FA508}.Shipping|Win64.Build.0 = Shipping|x64
	EndGlobalSection
	GlobalSection(SolutionProperties) = preSolution
		HideSolutionNode = FALSE
	EndGlobalSection
	GlobalSection(NestedProjects) = preSolution
		{A17AC9F8-1713-4672-A6AD-3E77EB6EB539} = {63571DD7-7E4C-441E-9F49-6477FF127495}
		{D89F216D-BED7-4570-A72A-91C86F86108C} = {FC5600BE-8B81-4571-A3D4-3E57816786CC}
		{1D36514B-C654-4282-91A6-17E2096FA508} = {9142BEAE-7D3F-4BB6-8422-BC4AEC8B579E}
	EndGlobalSection
EndGlobal
