
Microsoft Visual Studio Solution File, Format Version 12.00
# Visual Studio Version 16
VisualStudioVersion = 16.0.28315.86
MinimumVisualStudioVersion = 10.0.40219.1
Project("{2150E333-8FDC-42A3-9474-1A3956D46DE8}") = "Engine", "Engine", "{68C4627A-C8FD-4EA1-A287-1F84F2A2A10E}"
EndProject
Project("{2150E333-8FDC-42A3-9474-1A3956D46DE8}") = "Enterprise", "Enterprise", "{46E1E805-DF0A-483D-BA2D-D6653AD43C20}"
EndProject
Project("{2150E333-8FDC-42A3-9474-1A3956D46DE8}") = "Games", "Games", "{7B3C5112-1E0E-4AF8-9D46-782DB5D81325}"
EndProject
Project("{8BC9CEB8-8B4A-11D0-8D11-00A0C91BC942}") = "UE4", "Intermediate\ProjectFiles\UE4.vcxproj", "{ACCED70F-3F5C-44A3-BF87-0BA08078C2DC}"
EndProject
Project("{8BC9CEB8-8B4A-11D0-8D11-00A0C91BC942}") = "Studio", "Intermediate\ProjectFiles\Studio.vcxproj", "{B2157DAC-E051-483C-929B-C2632C69DF2C}"
EndProject
Project("{8BC9CEB8-8B4A-11D0-8D11-00A0C91BC942}") = "FinalFantasyFishGame", "Intermediate\ProjectFiles\FinalFantasyFishGame.vcxproj", "{6F2EC3BE-F16D-4957-8721-04E19BA425F3}"
EndProject
Project("{2150E333-8FDC-42A3-9474-1A3956D46DE8}") = "Visualizers", "Visualizers", "{9B8E93F9-A6B5-45EB-84F1-EBA497669793}"
	ProjectSection(SolutionItems) = preProject
		D:\Epic Games\UE_4.22\Engine\Extras\VisualStudioDebugging\UE4.natvis = D:\Epic Games\UE_4.22\Engine\Extras\VisualStudioDebugging\UE4.natvis
	EndProjectSection
EndProject
Global
	GlobalSection(SolutionConfigurationPlatforms) = preSolution
		DebugGame Editor|HTML5 = DebugGame Editor|HTML5
		DebugGame Editor|Win32 = DebugGame Editor|Win32
		DebugGame Editor|Win64 = DebugGame Editor|Win64
		DebugGame|HTML5 = DebugGame|HTML5
		DebugGame|Win32 = DebugGame|Win32
		DebugGame|Win64 = DebugGame|Win64
		Development Editor|HTML5 = Development Editor|HTML5
		Development Editor|Win32 = Development Editor|Win32
		Development Editor|Win64 = Development Editor|Win64
		Development|HTML5 = Development|HTML5
		Development|Win32 = Development|Win32
		Development|Win64 = Development|Win64
		Shipping|HTML5 = Shipping|HTML5
		Shipping|Win32 = Shipping|Win32
		Shipping|Win64 = Shipping|Win64
	EndGlobalSection
	GlobalSection(ProjectConfigurationPlatforms) = postSolution
		{ACCED70F-3F5C-44A3-BF87-0BA08078C2DC}.DebugGame Editor|HTML5.ActiveCfg = BuiltWithUnrealBuildTool|Win32
		{ACCED70F-3F5C-44A3-BF87-0BA08078C2DC}.DebugGame Editor|Win32.ActiveCfg = BuiltWithUnrealBuildTool|Win32
		{ACCED70F-3F5C-44A3-BF87-0BA08078C2DC}.DebugGame Editor|Win64.ActiveCfg = BuiltWithUnrealBuildTool|Win32
		{ACCED70F-3F5C-44A3-BF87-0BA08078C2DC}.DebugGame|HTML5.ActiveCfg = BuiltWithUnrealBuildTool|Win32
		{ACCED70F-3F5C-44A3-BF87-0BA08078C2DC}.DebugGame|Win32.ActiveCfg = BuiltWithUnrealBuildTool|Win32
		{ACCED70F-3F5C-44A3-BF87-0BA08078C2DC}.DebugGame|Win64.ActiveCfg = BuiltWithUnrealBuildTool|Win32
		{ACCED70F-3F5C-44A3-BF87-0BA08078C2DC}.Development Editor|HTML5.ActiveCfg = BuiltWithUnrealBuildTool|Win32
		{ACCED70F-3F5C-44A3-BF87-0BA08078C2DC}.Development Editor|Win32.ActiveCfg = BuiltWithUnrealBuildTool|Win32
		{ACCED70F-3F5C-44A3-BF87-0BA08078C2DC}.Development Editor|Win64.ActiveCfg = BuiltWithUnrealBuildTool|Win32
		{ACCED70F-3F5C-44A3-BF87-0BA08078C2DC}.Development|HTML5.ActiveCfg = BuiltWithUnrealBuildTool|Win32
		{ACCED70F-3F5C-44A3-BF87-0BA08078C2DC}.Development|Win32.ActiveCfg = BuiltWithUnrealBuildTool|Win32
		{ACCED70F-3F5C-44A3-BF87-0BA08078C2DC}.Development|Win64.ActiveCfg = BuiltWithUnrealBuildTool|Win32
		{ACCED70F-3F5C-44A3-BF87-0BA08078C2DC}.Shipping|HTML5.ActiveCfg = BuiltWithUnrealBuildTool|Win32
		{ACCED70F-3F5C-44A3-BF87-0BA08078C2DC}.Shipping|Win32.ActiveCfg = BuiltWithUnrealBuildTool|Win32
		{ACCED70F-3F5C-44A3-BF87-0BA08078C2DC}.Shipping|Win64.ActiveCfg = BuiltWithUnrealBuildTool|Win32
		{B2157DAC-E051-483C-929B-C2632C69DF2C}.DebugGame Editor|HTML5.ActiveCfg = BuiltWithUnrealBuildTool|Win32
		{B2157DAC-E051-483C-929B-C2632C69DF2C}.DebugGame Editor|Win32.ActiveCfg = BuiltWithUnrealBuildTool|Win32
		{B2157DAC-E051-483C-929B-C2632C69DF2C}.DebugGame Editor|Win64.ActiveCfg = BuiltWithUnrealBuildTool|Win32
		{B2157DAC-E051-483C-929B-C2632C69DF2C}.DebugGame|HTML5.ActiveCfg = BuiltWithUnrealBuildTool|Win32
		{B2157DAC-E051-483C-929B-C2632C69DF2C}.DebugGame|Win32.ActiveCfg = BuiltWithUnrealBuildTool|Win32
		{B2157DAC-E051-483C-929B-C2632C69DF2C}.DebugGame|Win64.ActiveCfg = BuiltWithUnrealBuildTool|Win32
		{B2157DAC-E051-483C-929B-C2632C69DF2C}.Development Editor|HTML5.ActiveCfg = BuiltWithUnrealBuildTool|Win32
		{B2157DAC-E051-483C-929B-C2632C69DF2C}.Development Editor|Win32.ActiveCfg = BuiltWithUnrealBuildTool|Win32
		{B2157DAC-E051-483C-929B-C2632C69DF2C}.Development Editor|Win64.ActiveCfg = BuiltWithUnrealBuildTool|Win32
		{B2157DAC-E051-483C-929B-C2632C69DF2C}.Development|HTML5.ActiveCfg = BuiltWithUnrealBuildTool|Win32
		{B2157DAC-E051-483C-929B-C2632C69DF2C}.Development|Win32.ActiveCfg = BuiltWithUnrealBuildTool|Win32
		{B2157DAC-E051-483C-929B-C2632C69DF2C}.Development|Win64.ActiveCfg = BuiltWithUnrealBuildTool|Win32
		{B2157DAC-E051-483C-929B-C2632C69DF2C}.Shipping|HTML5.ActiveCfg = BuiltWithUnrealBuildTool|Win32
		{B2157DAC-E051-483C-929B-C2632C69DF2C}.Shipping|Win32.ActiveCfg = BuiltWithUnrealBuildTool|Win32
		{B2157DAC-E051-483C-929B-C2632C69DF2C}.Shipping|Win64.ActiveCfg = BuiltWithUnrealBuildTool|Win32
		{6F2EC3BE-F16D-4957-8721-04E19BA425F3}.DebugGame Editor|HTML5.ActiveCfg = Invalid|Win32
		{6F2EC3BE-F16D-4957-8721-04E19BA425F3}.DebugGame Editor|Win32.ActiveCfg = Invalid|Win32
		{6F2EC3BE-F16D-4957-8721-04E19BA425F3}.DebugGame Editor|Win64.ActiveCfg = DebugGame_Editor|x64
		{6F2EC3BE-F16D-4957-8721-04E19BA425F3}.DebugGame Editor|Win64.Build.0 = DebugGame_Editor|x64
		{6F2EC3BE-F16D-4957-8721-04E19BA425F3}.DebugGame|HTML5.ActiveCfg = HTML5_DebugGame|Win32
		{6F2EC3BE-F16D-4957-8721-04E19BA425F3}.DebugGame|HTML5.Build.0 = HTML5_DebugGame|Win32
		{6F2EC3BE-F16D-4957-8721-04E19BA425F3}.DebugGame|Win32.ActiveCfg = DebugGame|Win32
		{6F2EC3BE-F16D-4957-8721-04E19BA425F3}.DebugGame|Win32.Build.0 = DebugGame|Win32
		{6F2EC3BE-F16D-4957-8721-04E19BA425F3}.DebugGame|Win64.ActiveCfg = DebugGame|x64
		{6F2EC3BE-F16D-4957-8721-04E19BA425F3}.DebugGame|Win64.Build.0 = DebugGame|x64
		{6F2EC3BE-F16D-4957-8721-04E19BA425F3}.Development Editor|HTML5.ActiveCfg = Invalid|Win32
		{6F2EC3BE-F16D-4957-8721-04E19BA425F3}.Development Editor|Win32.ActiveCfg = Invalid|Win32
		{6F2EC3BE-F16D-4957-8721-04E19BA425F3}.Development Editor|Win64.ActiveCfg = Development_Editor|x64
		{6F2EC3BE-F16D-4957-8721-04E19BA425F3}.Development Editor|Win64.Build.0 = Development_Editor|x64
		{6F2EC3BE-F16D-4957-8721-04E19BA425F3}.Development|HTML5.ActiveCfg = HTML5_Development|Win32
		{6F2EC3BE-F16D-4957-8721-04E19BA425F3}.Development|HTML5.Build.0 = HTML5_Development|Win32
		{6F2EC3BE-F16D-4957-8721-04E19BA425F3}.Development|Win32.ActiveCfg = Development|Win32
		{6F2EC3BE-F16D-4957-8721-04E19BA425F3}.Development|Win32.Build.0 = Development|Win32
		{6F2EC3BE-F16D-4957-8721-04E19BA425F3}.Development|Win64.ActiveCfg = Development|x64
		{6F2EC3BE-F16D-4957-8721-04E19BA425F3}.Development|Win64.Build.0 = Development|x64
		{6F2EC3BE-F16D-4957-8721-04E19BA425F3}.Shipping|HTML5.ActiveCfg = HTML5_Shipping|Win32
		{6F2EC3BE-F16D-4957-8721-04E19BA425F3}.Shipping|HTML5.Build.0 = HTML5_Shipping|Win32
		{6F2EC3BE-F16D-4957-8721-04E19BA425F3}.Shipping|Win32.ActiveCfg = Shipping|Win32
		{6F2EC3BE-F16D-4957-8721-04E19BA425F3}.Shipping|Win32.Build.0 = Shipping|Win32
		{6F2EC3BE-F16D-4957-8721-04E19BA425F3}.Shipping|Win64.ActiveCfg = Shipping|x64
		{6F2EC3BE-F16D-4957-8721-04E19BA425F3}.Shipping|Win64.Build.0 = Shipping|x64
	EndGlobalSection
	GlobalSection(SolutionProperties) = preSolution
		HideSolutionNode = FALSE
	EndGlobalSection
	GlobalSection(NestedProjects) = preSolution
		{ACCED70F-3F5C-44A3-BF87-0BA08078C2DC} = {68C4627A-C8FD-4EA1-A287-1F84F2A2A10E}
		{B2157DAC-E051-483C-929B-C2632C69DF2C} = {46E1E805-DF0A-483D-BA2D-D6653AD43C20}
		{6F2EC3BE-F16D-4957-8721-04E19BA425F3} = {7B3C5112-1E0E-4AF8-9D46-782DB5D81325}
	EndGlobalSection
EndGlobal
