
Microsoft Visual Studio Solution File, Format Version 12.00
# Visual Studio 15
VisualStudioVersion = 15.0.25807.0
MinimumVisualStudioVersion = 10.0.40219.1
Project("{2150E333-8FDC-42A3-9474-1A3956D46DE8}") = "Engine", "Engine", "{9E636373-BF69-453B-98F0-4D4AC0946A7A}"
EndProject
Project("{2150E333-8FDC-42A3-9474-1A3956D46DE8}") = "Enterprise", "Enterprise", "{DC9C2886-6D3A-453A-B7B7-D2A9908F34FF}"
EndProject
Project("{2150E333-8FDC-42A3-9474-1A3956D46DE8}") = "Games", "Games", "{EB5BE8E7-3403-427D-BCDA-EA14B076A1B0}"
EndProject
Project("{8BC9CEB8-8B4A-11D0-8D11-00A0C91BC942}") = "UE4", "Intermediate\ProjectFiles\UE4.vcxproj", "{11041818-58B3-4C93-A18A-08B4D9D80BE8}"
EndProject
Project("{8BC9CEB8-8B4A-11D0-8D11-00A0C91BC942}") = "Studio", "Intermediate\ProjectFiles\Studio.vcxproj", "{4A0C43C2-D023-45CF-8EE2-A15C584882D6}"
EndProject
Project("{8BC9CEB8-8B4A-11D0-8D11-00A0C91BC942}") = "FinalFantasyFishGame", "Intermediate\ProjectFiles\FinalFantasyFishGame.vcxproj", "{D3E0D967-A884-41C7-BB9B-39FF2EC15B52}"
EndProject
Project("{2150E333-8FDC-42A3-9474-1A3956D46DE8}") = "Visualizers", "Visualizers", "{876AC65B-0670-40FF-B35E-652B628C593E}"
	ProjectSection(SolutionItems) = preProject
		D:\Epic Games\UE_4.21\Engine\Extras\VisualStudioDebugging\UE4.natvis = D:\Epic Games\UE_4.21\Engine\Extras\VisualStudioDebugging\UE4.natvis
	EndProjectSection
EndProject
Global
	GlobalSection(SolutionConfigurationPlatforms) = preSolution
		DebugGame Editor|HTML5 = DebugGame Editor|HTML5
		DebugGame Editor|Win32 = DebugGame Editor|Win32
		DebugGame Editor|Win64 = DebugGame Editor|Win64
		DebugGame|HTML5 = DebugGame|HTML5
		DebugGame|Win32 = DebugGame|Win32
		DebugGame|Win64 = DebugGame|Win64
		Development Editor|HTML5 = Development Editor|HTML5
		Development Editor|Win32 = Development Editor|Win32
		Development Editor|Win64 = Development Editor|Win64
		Development|HTML5 = Development|HTML5
		Development|Win32 = Development|Win32
		Development|Win64 = Development|Win64
		Shipping|HTML5 = Shipping|HTML5
		Shipping|Win32 = Shipping|Win32
		Shipping|Win64 = Shipping|Win64
	EndGlobalSection
	GlobalSection(ProjectConfigurationPlatforms) = postSolution
		{11041818-58B3-4C93-A18A-08B4D9D80BE8}.DebugGame Editor|HTML5.ActiveCfg = BuiltWithUnrealBuildTool|Win32
		{11041818-58B3-4C93-A18A-08B4D9D80BE8}.DebugGame Editor|Win32.ActiveCfg = BuiltWithUnrealBuildTool|Win32
		{11041818-58B3-4C93-A18A-08B4D9D80BE8}.DebugGame Editor|Win64.ActiveCfg = BuiltWithUnrealBuildTool|Win32
		{11041818-58B3-4C93-A18A-08B4D9D80BE8}.DebugGame|HTML5.ActiveCfg = BuiltWithUnrealBuildTool|Win32
		{11041818-58B3-4C93-A18A-08B4D9D80BE8}.DebugGame|Win32.ActiveCfg = BuiltWithUnrealBuildTool|Win32
		{11041818-58B3-4C93-A18A-08B4D9D80BE8}.DebugGame|Win64.ActiveCfg = BuiltWithUnrealBuildTool|Win32
		{11041818-58B3-4C93-A18A-08B4D9D80BE8}.Development Editor|HTML5.ActiveCfg = BuiltWithUnrealBuildTool|Win32
		{11041818-58B3-4C93-A18A-08B4D9D80BE8}.Development Editor|Win32.ActiveCfg = BuiltWithUnrealBuildTool|Win32
		{11041818-58B3-4C93-A18A-08B4D9D80BE8}.Development Editor|Win64.ActiveCfg = BuiltWithUnrealBuildTool|Win32
		{11041818-58B3-4C93-A18A-08B4D9D80BE8}.Development|HTML5.ActiveCfg = BuiltWithUnrealBuildTool|Win32
		{11041818-58B3-4C93-A18A-08B4D9D80BE8}.Development|Win32.ActiveCfg = BuiltWithUnrealBuildTool|Win32
		{11041818-58B3-4C93-A18A-08B4D9D80BE8}.Development|Win64.ActiveCfg = BuiltWithUnrealBuildTool|Win32
		{11041818-58B3-4C93-A18A-08B4D9D80BE8}.Shipping|HTML5.ActiveCfg = BuiltWithUnrealBuildTool|Win32
		{11041818-58B3-4C93-A18A-08B4D9D80BE8}.Shipping|Win32.ActiveCfg = BuiltWithUnrealBuildTool|Win32
		{11041818-58B3-4C93-A18A-08B4D9D80BE8}.Shipping|Win64.ActiveCfg = BuiltWithUnrealBuildTool|Win32
		{4A0C43C2-D023-45CF-8EE2-A15C584882D6}.DebugGame Editor|HTML5.ActiveCfg = BuiltWithUnrealBuildTool|Win32
		{4A0C43C2-D023-45CF-8EE2-A15C584882D6}.DebugGame Editor|Win32.ActiveCfg = BuiltWithUnrealBuildTool|Win32
		{4A0C43C2-D023-45CF-8EE2-A15C584882D6}.DebugGame Editor|Win64.ActiveCfg = BuiltWithUnrealBuildTool|Win32
		{4A0C43C2-D023-45CF-8EE2-A15C584882D6}.DebugGame|HTML5.ActiveCfg = BuiltWithUnrealBuildTool|Win32
		{4A0C43C2-D023-45CF-8EE2-A15C584882D6}.DebugGame|Win32.ActiveCfg = BuiltWithUnrealBuildTool|Win32
		{4A0C43C2-D023-45CF-8EE2-A15C584882D6}.DebugGame|Win64.ActiveCfg = BuiltWithUnrealBuildTool|Win32
		{4A0C43C2-D023-45CF-8EE2-A15C584882D6}.Development Editor|HTML5.ActiveCfg = BuiltWithUnrealBuildTool|Win32
		{4A0C43C2-D023-45CF-8EE2-A15C584882D6}.Development Editor|Win32.ActiveCfg = BuiltWithUnrealBuildTool|Win32
		{4A0C43C2-D023-45CF-8EE2-A15C584882D6}.Development Editor|Win64.ActiveCfg = BuiltWithUnrealBuildTool|Win32
		{4A0C43C2-D023-45CF-8EE2-A15C584882D6}.Development|HTML5.ActiveCfg = BuiltWithUnrealBuildTool|Win32
		{4A0C43C2-D023-45CF-8EE2-A15C584882D6}.Development|Win32.ActiveCfg = BuiltWithUnrealBuildTool|Win32
		{4A0C43C2-D023-45CF-8EE2-A15C584882D6}.Development|Win64.ActiveCfg = BuiltWithUnrealBuildTool|Win32
		{4A0C43C2-D023-45CF-8EE2-A15C584882D6}.Shipping|HTML5.ActiveCfg = BuiltWithUnrealBuildTool|Win32
		{4A0C43C2-D023-45CF-8EE2-A15C584882D6}.Shipping|Win32.ActiveCfg = BuiltWithUnrealBuildTool|Win32
		{4A0C43C2-D023-45CF-8EE2-A15C584882D6}.Shipping|Win64.ActiveCfg = BuiltWithUnrealBuildTool|Win32
		{D3E0D967-A884-41C7-BB9B-39FF2EC15B52}.DebugGame Editor|HTML5.ActiveCfg = Invalid|Win32
		{D3E0D967-A884-41C7-BB9B-39FF2EC15B52}.DebugGame Editor|Win32.ActiveCfg = Invalid|Win32
		{D3E0D967-A884-41C7-BB9B-39FF2EC15B52}.DebugGame Editor|Win64.ActiveCfg = DebugGame_Editor|x64
		{D3E0D967-A884-41C7-BB9B-39FF2EC15B52}.DebugGame Editor|Win64.Build.0 = DebugGame_Editor|x64
		{D3E0D967-A884-41C7-BB9B-39FF2EC15B52}.DebugGame|HTML5.ActiveCfg = HTML5_DebugGame|Win32
		{D3E0D967-A884-41C7-BB9B-39FF2EC15B52}.DebugGame|HTML5.Build.0 = HTML5_DebugGame|Win32
		{D3E0D967-A884-41C7-BB9B-39FF2EC15B52}.DebugGame|Win32.ActiveCfg = DebugGame|Win32
		{D3E0D967-A884-41C7-BB9B-39FF2EC15B52}.DebugGame|Win32.Build.0 = DebugGame|Win32
		{D3E0D967-A884-41C7-BB9B-39FF2EC15B52}.DebugGame|Win64.ActiveCfg = DebugGame|x64
		{D3E0D967-A884-41C7-BB9B-39FF2EC15B52}.DebugGame|Win64.Build.0 = DebugGame|x64
		{D3E0D967-A884-41C7-BB9B-39FF2EC15B52}.Development Editor|HTML5.ActiveCfg = Invalid|Win32
		{D3E0D967-A884-41C7-BB9B-39FF2EC15B52}.Development Editor|Win32.ActiveCfg = Invalid|Win32
		{D3E0D967-A884-41C7-BB9B-39FF2EC15B52}.Development Editor|Win64.ActiveCfg = Development_Editor|x64
		{D3E0D967-A884-41C7-BB9B-39FF2EC15B52}.Development Editor|Win64.Build.0 = Development_Editor|x64
		{D3E0D967-A884-41C7-BB9B-39FF2EC15B52}.Development|HTML5.ActiveCfg = HTML5_Development|Win32
		{D3E0D967-A884-41C7-BB9B-39FF2EC15B52}.Development|HTML5.Build.0 = HTML5_Development|Win32
		{D3E0D967-A884-41C7-BB9B-39FF2EC15B52}.Development|Win32.ActiveCfg = Development|Win32
		{D3E0D967-A884-41C7-BB9B-39FF2EC15B52}.Development|Win32.Build.0 = Development|Win32
		{D3E0D967-A884-41C7-BB9B-39FF2EC15B52}.Development|Win64.ActiveCfg = Development|x64
		{D3E0D967-A884-41C7-BB9B-39FF2EC15B52}.Development|Win64.Build.0 = Development|x64
		{D3E0D967-A884-41C7-BB9B-39FF2EC15B52}.Shipping|HTML5.ActiveCfg = HTML5_Shipping|Win32
		{D3E0D967-A884-41C7-BB9B-39FF2EC15B52}.Shipping|HTML5.Build.0 = HTML5_Shipping|Win32
		{D3E0D967-A884-41C7-BB9B-39FF2EC15B52}.Shipping|Win32.ActiveCfg = Shipping|Win32
		{D3E0D967-A884-41C7-BB9B-39FF2EC15B52}.Shipping|Win32.Build.0 = Shipping|Win32
		{D3E0D967-A884-41C7-BB9B-39FF2EC15B52}.Shipping|Win64.ActiveCfg = Shipping|x64
		{D3E0D967-A884-41C7-BB9B-39FF2EC15B52}.Shipping|Win64.Build.0 = Shipping|x64
	EndGlobalSection
	GlobalSection(SolutionProperties) = preSolution
		HideSolutionNode = FALSE
	EndGlobalSection
	GlobalSection(NestedProjects) = preSolution
		{11041818-58B3-4C93-A18A-08B4D9D80BE8} = {9E636373-BF69-453B-98F0-4D4AC0946A7A}
		{4A0C43C2-D023-45CF-8EE2-A15C584882D6} = {DC9C2886-6D3A-453A-B7B7-D2A9908F34FF}
		{D3E0D967-A884-41C7-BB9B-39FF2EC15B52} = {EB5BE8E7-3403-427D-BCDA-EA14B076A1B0}
	EndGlobalSection
EndGlobal
